
Microsoft Visual Studio Solution File, Format Version 12.00
# Visual Studio Version 16
VisualStudioVersion = 16.0.30114.105
MinimumVisualStudioVersion = 10.0.40219.1
Project("{FAE04EC0-301F-11D3-BF4B-00C04F79EFBC}") = "SharedKernel", "SharedKernel\SharedKernel.csproj", "{8D59801D-8C8E-4C49-A0CB-1D14AAA58986}"
EndProject
Project("{2150E333-8FDC-42A3-9474-1A3956D46DE8}") = "PeakLims", "PeakLims", "{634A9BC8-5CE3-4DE2-809E-949778F5767C}"
EndProject
Project("{2150E333-8FDC-42A3-9474-1A3956D46DE8}") = "src", "src", "{31FA9837-DB76-4927-AD22-3150A591638A}"
EndProject
Project("{FAE04EC0-301F-11D3-BF4B-00C04F79EFBC}") = "PeakLims", "PeakLims\src\PeakLims\PeakLims.csproj", "{788B3250-9AF7-4D47-B9D2-52B765E1FC5A}"
EndProject
Project("{2150E333-8FDC-42A3-9474-1A3956D46DE8}") = "tests", "tests", "{649932D4-F4D9-48AD-B3BD-6D21FE5B8B58}"
EndProject
Project("{FAE04EC0-301F-11D3-BF4B-00C04F79EFBC}") = "PeakLims.IntegrationTests", "PeakLims\tests\PeakLims.IntegrationTests\PeakLims.IntegrationTests.csproj", "{82B7774A-C7CA-46D0-830A-FE018558CF04}"
EndProject
Project("{FAE04EC0-301F-11D3-BF4B-00C04F79EFBC}") = "PeakLims.FunctionalTests", "PeakLims\tests\PeakLims.FunctionalTests\PeakLims.FunctionalTests.csproj", "{764B0647-94E8-4977-A07D-0B056D556357}"
EndProject
Project("{FAE04EC0-301F-11D3-BF4B-00C04F79EFBC}") = "PeakLims.SharedTestHelpers", "PeakLims\tests\PeakLims.SharedTestHelpers\PeakLims.SharedTestHelpers.csproj", "{E934C1E7-A204-4794-B09D-4CA78084172D}"
EndProject
Project("{FAE04EC0-301F-11D3-BF4B-00C04F79EFBC}") = "PeakLims.UnitTests", "PeakLims\tests\PeakLims.UnitTests\PeakLims.UnitTests.csproj", "{65D2E9DA-DDBC-49E1-A93E-CCF0633B278E}"
EndProject
Project("{FAE04EC0-301F-11D3-BF4B-00C04F79EFBC}") = "KeycloakInPulumi", "KeycloakInPulumi\KeycloakInPulumi.csproj", "{296C2BBA-0028-40AB-86D5-41CA866173A2}"
EndProject
Global
	GlobalSection(SolutionConfigurationPlatforms) = preSolution
		Debug|Any CPU = Debug|Any CPU
		Release|Any CPU = Release|Any CPU
	EndGlobalSection
	GlobalSection(SolutionProperties) = preSolution
		HideSolutionNode = FALSE
	EndGlobalSection
	GlobalSection(ProjectConfigurationPlatforms) = postSolution
		{8D59801D-8C8E-4C49-A0CB-1D14AAA58986}.Debug|Any CPU.ActiveCfg = Debug|Any CPU
		{8D59801D-8C8E-4C49-A0CB-1D14AAA58986}.Debug|Any CPU.Build.0 = Debug|Any CPU
		{8D59801D-8C8E-4C49-A0CB-1D14AAA58986}.Release|Any CPU.ActiveCfg = Release|Any CPU
		{8D59801D-8C8E-4C49-A0CB-1D14AAA58986}.Release|Any CPU.Build.0 = Release|Any CPU
		{788B3250-9AF7-4D47-B9D2-52B765E1FC5A}.Debug|Any CPU.ActiveCfg = Debug|Any CPU
		{788B3250-9AF7-4D47-B9D2-52B765E1FC5A}.Debug|Any CPU.Build.0 = Debug|Any CPU
		{788B3250-9AF7-4D47-B9D2-52B765E1FC5A}.Release|Any CPU.ActiveCfg = Release|Any CPU
		{788B3250-9AF7-4D47-B9D2-52B765E1FC5A}.Release|Any CPU.Build.0 = Release|Any CPU
		{82B7774A-C7CA-46D0-830A-FE018558CF04}.Debug|Any CPU.ActiveCfg = Debug|Any CPU
		{82B7774A-C7CA-46D0-830A-FE018558CF04}.Debug|Any CPU.Build.0 = Debug|Any CPU
		{82B7774A-C7CA-46D0-830A-FE018558CF04}.Release|Any CPU.ActiveCfg = Release|Any CPU
		{82B7774A-C7CA-46D0-830A-FE018558CF04}.Release|Any CPU.Build.0 = Release|Any CPU
		{764B0647-94E8-4977-A07D-0B056D556357}.Debug|Any CPU.ActiveCfg = Debug|Any CPU
		{764B0647-94E8-4977-A07D-0B056D556357}.Debug|Any CPU.Build.0 = Debug|Any CPU
		{764B0647-94E8-4977-A07D-0B056D556357}.Release|Any CPU.ActiveCfg = Release|Any CPU
		{764B0647-94E8-4977-A07D-0B056D556357}.Release|Any CPU.Build.0 = Release|Any CPU
		{E934C1E7-A204-4794-B09D-4CA78084172D}.Debug|Any CPU.ActiveCfg = Debug|Any CPU
		{E934C1E7-A204-4794-B09D-4CA78084172D}.Debug|Any CPU.Build.0 = Debug|Any CPU
		{E934C1E7-A204-4794-B09D-4CA78084172D}.Release|Any CPU.ActiveCfg = Release|Any CPU
		{E934C1E7-A204-4794-B09D-4CA78084172D}.Release|Any CPU.Build.0 = Release|Any CPU
		{65D2E9DA-DDBC-49E1-A93E-CCF0633B278E}.Debug|Any CPU.ActiveCfg = Debug|Any CPU
		{65D2E9DA-DDBC-49E1-A93E-CCF0633B278E}.Debug|Any CPU.Build.0 = Debug|Any CPU
		{65D2E9DA-DDBC-49E1-A93E-CCF0633B278E}.Release|Any CPU.ActiveCfg = Release|Any CPU
		{65D2E9DA-DDBC-49E1-A93E-CCF0633B278E}.Release|Any CPU.Build.0 = Release|Any CPU
		{296C2BBA-0028-40AB-86D5-41CA866173A2}.Debug|Any CPU.ActiveCfg = Debug|Any CPU
		{296C2BBA-0028-40AB-86D5-41CA866173A2}.Debug|Any CPU.Build.0 = Debug|Any CPU
		{296C2BBA-0028-40AB-86D5-41CA866173A2}.Release|Any CPU.ActiveCfg = Release|Any CPU
		{296C2BBA-0028-40AB-86D5-41CA866173A2}.Release|Any CPU.Build.0 = Release|Any CPU
	EndGlobalSection
	GlobalSection(NestedProjects) = preSolution
		{31FA9837-DB76-4927-AD22-3150A591638A} = {634A9BC8-5CE3-4DE2-809E-949778F5767C}
		{788B3250-9AF7-4D47-B9D2-52B765E1FC5A} = {31FA9837-DB76-4927-AD22-3150A591638A}
		{649932D4-F4D9-48AD-B3BD-6D21FE5B8B58} = {634A9BC8-5CE3-4DE2-809E-949778F5767C}
		{82B7774A-C7CA-46D0-830A-FE018558CF04} = {649932D4-F4D9-48AD-B3BD-6D21FE5B8B58}
		{764B0647-94E8-4977-A07D-0B056D556357} = {649932D4-F4D9-48AD-B3BD-6D21FE5B8B58}
		{E934C1E7-A204-4794-B09D-4CA78084172D} = {649932D4-F4D9-48AD-B3BD-6D21FE5B8B58}
		{65D2E9DA-DDBC-49E1-A93E-CCF0633B278E} = {649932D4-F4D9-48AD-B3BD-6D21FE5B8B58}
	EndGlobalSection
EndGlobal
